
Microsoft Visual Studio Solution File, Format Version 12.00
# Visual Studio Version 17
VisualStudioVersion = 17.3.32901.215
MinimumVisualStudioVersion = 10.0.40219.1
Project("{FAE04EC0-301F-11D3-BF4B-00C04F79EFBC}") = "HomeWork", "HomeWork.csproj", "{40313FF4-8584-40A3-A8D5-010D30392B60}"
EndProject
Global
	GlobalSection(SolutionConfigurationPlatforms) = preSolution
		Debug|Any CPU = Debug|Any CPU
		Release|Any CPU = Release|Any CPU
	EndGlobalSection
	GlobalSection(ProjectConfigurationPlatforms) = postSolution
		{40313FF4-8584-40A3-A8D5-010D30392B60}.Debug|Any CPU.ActiveCfg = Debug|Any CPU
		{40313FF4-8584-40A3-A8D5-010D30392B60}.Debug|Any CPU.Build.0 = Debug|Any CPU
		{40313FF4-8584-40A3-A8D5-010D30392B60}.Release|Any CPU.ActiveCfg = Release|Any CPU
		{40313FF4-8584-40A3-A8D5-010D30392B60}.Release|Any CPU.Build.0 = Release|Any CPU
	EndGlobalSection
	GlobalSection(SolutionProperties) = preSolution
		HideSolutionNode = FALSE
	EndGlobalSection
	GlobalSection(ExtensibilityGlobals) = postSolution
		SolutionGuid = {91633E76-91B9-4B42-8448-77919E35DBFB}
	EndGlobalSection
EndGlobal
